# THIS IS AN AUTOGENERATED FILE. DO NOT EDIT THIS FILE DIRECTLY.
# yarn lockfile v1


react-native-maps@^0.22.1:
  version "0.22.1"
  resolved "https://registry.yarnpkg.com/react-native-maps/-/react-native-maps-0.22.1.tgz#ce856e71970e872e596e6fa4773279cae2c4dcdd"
  integrity sha512-JjBpAXjzZY8AW4HTcAZxX+cGk6e6i+J5Vd//DViMUe0bRkKKv92ds1W9rqZ+o9PhUqdP++3DvKv0jrB05icqKA==
